
Microsoft Visual Studio Solution File, Format Version 12.00
# Visual Studio Version 16
VisualStudioVersion = 16.0.30320.27
MinimumVisualStudioVersion = 10.0.40219.1
Project("{FAE04EC0-301F-11D3-BF4B-00C04F79EFBC}") = "SharpLesson2", "SharpLesson2\SharpLesson2.csproj", "{8B86DF41-0F25-45E8-8A72-F5D249426B09}"
EndProject
Global
	GlobalSection(SolutionConfigurationPlatforms) = preSolution
		Debug|Any CPU = Debug|Any CPU
		Release|Any CPU = Release|Any CPU
	EndGlobalSection
	GlobalSection(ProjectConfigurationPlatforms) = postSolution
		{8B86DF41-0F25-45E8-8A72-F5D249426B09}.Debug|Any CPU.ActiveCfg = Debug|Any CPU
		{8B86DF41-0F25-45E8-8A72-F5D249426B09}.Debug|Any CPU.Build.0 = Debug|Any CPU
		{8B86DF41-0F25-45E8-8A72-F5D249426B09}.Release|Any CPU.ActiveCfg = Release|Any CPU
		{8B86DF41-0F25-45E8-8A72-F5D249426B09}.Release|Any CPU.Build.0 = Release|Any CPU
	EndGlobalSection
	GlobalSection(SolutionProperties) = preSolution
		HideSolutionNode = FALSE
	EndGlobalSection
	GlobalSection(ExtensibilityGlobals) = postSolution
		SolutionGuid = {08E4D10D-31DA-4026-8C08-C844CDCD2BE4}
	EndGlobalSection
EndGlobal
